lockfileVersion: '9.0'

settings:
  autoInstallPeers: true
  excludeLinksFromLockfile: false

importers:

  .:
    dependencies:
      '@tailwindcss/postcss':
        specifier: ^4.1.10
        version: 4.3.0
      lucide-react:
        specifier: ^0.513.0
        version: 0.513.0(react@19.2.6)
      next:
        specifier: ^16.2.6
        version: 16.2.6(babel-plugin-react-compiler@1.0.0)(react-dom@19.2.6(react@19.2.6))(react@19.2.6)
      react:
        specifier: ^19.2.6
        version: 19.2.6
      react-dom:
        specifier: ^19.2.6
        version: 19.2.6(react@19.2.6)
      sharp:
        specifier: ^0.33.0
        version: 0.33.5
      tailwindcss:
        specifier: ^4.1.10
        version: 4.3.0
      tw-animate-css:
        specifier: ^1.4.0
        version: 1.4.0
    devDependencies:
      '@types/node':
        specifier: ^22
        version: 22.19.11
      '@types/react':
        specifier: ^19
        version: 19.2.14
      '@types/react-dom':
        specifier: ^19
        version: 19.2.3(@types/react@19.2.14)
      babel-plugin-react-compiler:
        specifier: ^1.0.0
        version: 1.0.0
      typescript:
        specifier: 5.7.3
        version: 5.7.3

packages:
  babel-plugin-react-compiler@1.0.0:
    resolution: {integrity: sha512-Ixm8tFfoKKIPYdCCKYTsqv+Fd4IJ0DQqMyEimo+pxUOMUR9cVPlwTrFt9Avu+3cb6Zp3mAzl+t1MrG2fxxKsxw==}

  '@babel/helper-string-parser@7.25.9':
    resolution: {integrity: sha512-8Te86L93rE46R3R76Gv6vAs6mR8759YAnSAtBf6Y8V3I68-0-28Y2589578631245607-28Y25895786312456}

  '@babel/types@7.26.0':
    resolution: {integrity: sha512-8Te86L93rE46R3R76Gv6vAs6mR8759YAnSAtBf6Y8V3I68-0-28Y2589578631245607-28Y25895786312456}